{
  "originHash" : "15bfa09003ab08e10f6e3fe53b771fbcb6a323eb251b334f3781853e83e1f430",
  "pins" : [
    {
      "identity" : "swift-agenda-kit",
      "kind" : "remoteSourceControl",
      "location" : "https://github.com/arraypress/swift-agenda-kit.git",
      "state" : {
        "revision" : "1b91fd8c60ea48b21bcc19854ca6f0650f10bfbf",
        "version" : "0.2.0"
      }
    },
    {
      "identity" : "swift-argument-parser",
      "kind" : "remoteSourceControl",
      "location" : "https://github.com/apple/swift-argument-parser.git",
      "state" : {
        "revision" : "6a52f3251125d74daf04fcbd5e6f08a75d074382",
        "version" : "1.8.2"
      }
    },
    {
      "identity" : "swift-cli-kit",
      "kind" : "remoteSourceControl",
      "location" : "https://github.com/arraypress/swift-cli-kit.git",
      "state" : {
        "revision" : "6c0cedf851939adcad1b38c0ecbce99cad721406",
        "version" : "0.10.0"
      }
    }
  ],
  "version" : 3
}
