{
  "originHash" : "fbf629e550be6ac1bb444aec3ac1914a78317da889b8f9b39a051116b1d236c6",
  "pins" : [
    {
      "identity" : "swift-agenda-kit",
      "kind" : "remoteSourceControl",
      "location" : "https://github.com/arraypress/swift-agenda-kit.git",
      "state" : {
        "revision" : "1b91fd8c60ea48b21bcc19854ca6f0650f10bfbf",
        "version" : "0.2.0"
      }
    },
    {
      "identity" : "swift-argument-parser",
      "kind" : "remoteSourceControl",
      "location" : "https://github.com/apple/swift-argument-parser.git",
      "state" : {
        "revision" : "6a52f3251125d74daf04fcbd5e6f08a75d074382",
        "version" : "1.8.2"
      }
    },
    {
      "identity" : "swift-cli-kit",
      "kind" : "remoteSourceControl",
      "location" : "https://github.com/arraypress/swift-cli-kit.git",
      "state" : {
        "revision" : "10f78031e1f56cd0b6917d03e868b3a159b2b44e",
        "version" : "0.7.1"
      }
    }
  ],
  "version" : 3
}
